// !$*UTF8*$!
{
	archiveVersion = 1;
	classes = {
	};
	objectVersion = 50;
	objects = {

/* Begin PBXBuildFile section */
		4922AFC825C8BDCB00A2BD20 /* Options.previews.swift in Sources */ = {isa = PBXBuildFile; fileRef = 4915563B25C4E156004813BD /* Options.previews.swift */; };
		4922AFCA25C8BDD000A2BD20 /* Options.swift in Sources */ = {isa = PBXBuildFile; fileRef = 49B80FD725C3443700D8021C /* Options.swift */; };
		4922AFCC25C8BDD300A2BD20 /* Options.observable.swift in Sources */ = {isa = PBXBuildFile; fileRef = 49B80FDD25C3460300D8021C /* Options.observable.swift */; };
		4922AFCE25C8BDDA00A2BD20 /* Color.extensions.swift in Sources */ = {isa = PBXBuildFile; fileRef = 4950ABAE25C4FD8000087E18 /* Color.extensions.swift */; };
		4922AFD025C8BDDD00A2BD20 /* Binding.extensions.swift in Sources */ = {isa = PBXBuildFile; fileRef = 4915564325C4E1D4004813BD /* Binding.extensions.swift */; };
		4922AFD225C8BDE200A2BD20 /* DarkMode.theme.swift in Sources */ = {isa = PBXBuildFile; fileRef = 4950ABA725C4FA7A00087E18 /* DarkMode.theme.swift */; };
		4922AFD425C8BDE800A2BD20 /* CustomPicker.swift in Sources */ = {isa = PBXBuildFile; fileRef = 4915562A25C4DE2D004813BD /* CustomPicker.swift */; };
		4922AFD625C8BDEB00A2BD20 /* CustomPicker.previews.swift in Sources */ = {isa = PBXBuildFile; fileRef = 4915563225C4E041004813BD /* CustomPicker.previews.swift */; };
		4922AFD825C8BDED00A2BD20 /* CustomToggle.swift in Sources */ = {isa = PBXBuildFile; fileRef = 4915561B25C4D9A0004813BD /* CustomToggle.swift */; };
		4922AFDA25C8BDEF00A2BD20 /* CustomToggle.styles.swift in Sources */ = {isa = PBXBuildFile; fileRef = 4915562425C4DAA1004813BD /* CustomToggle.styles.swift */; };
		4922AFDC25C8BDF100A2BD20 /* CustomToggle.previews.swift in Sources */ = {isa = PBXBuildFile; fileRef = 4915563625C4E07A004813BD /* CustomToggle.previews.swift */; };
		4922AFDE25C8BDF300A2BD20 /* ImagePicker.swift in Sources */ = {isa = PBXBuildFile; fileRef = 49301DB025C8945B0089EE76 /* ImagePicker.swift */; };
		4922AFE025C8BDF600A2BD20 /* ImagePicker.previews.swift in Sources */ = {isa = PBXBuildFile; fileRef = 49301DB625C894E50089EE76 /* ImagePicker.previews.swift */; };
		4922AFE625C8BEF800A2BD20 /* ImagePicker.wrapped.swift in Sources */ = {isa = PBXBuildFile; fileRef = 4922AFE525C8BEF800A2BD20 /* ImagePicker.wrapped.swift */; };
		4922AFEE25C8F0C800A2BD20 /* CustomIconButton.swift in Sources */ = {isa = PBXBuildFile; fileRef = 4922AFED25C8F0C800A2BD20 /* CustomIconButton.swift */; };
		4922AFF225C8F0D600A2BD20 /* CustomIconButton.previews.swift in Sources */ = {isa = PBXBuildFile; fileRef = 4922AFF125C8F0D600A2BD20 /* CustomIconButton.previews.swift */; };
		4922AFF525C8F23900A2BD20 /* CustomIconButton.styles.swift in Sources */ = {isa = PBXBuildFile; fileRef = 4922AFF425C8F23900A2BD20 /* CustomIconButton.styles.swift */; };
		498047A125CB121000E14C6F /* ImagePicker.classes.swift in Sources */ = {isa = PBXBuildFile; fileRef = 498047A025CB121000E14C6F /* ImagePicker.classes.swift */; };
		49BF801925C8BC1600FB4803 /* WidgetFetchApp.swift in Sources */ = {isa = PBXBuildFile; fileRef = 49BF801825C8BC1600FB4803 /* WidgetFetchApp.swift */; };
		49BF801B25C8BC1600FB4803 /* ContentView.swift in Sources */ = {isa = PBXBuildFile; fileRef = 49BF801A25C8BC1600FB4803 /* ContentView.swift */; };
		49BF801D25C8BC1600FB4803 /* Assets.xcassets in Resources */ = {isa = PBXBuildFile; fileRef = 49BF801C25C8BC1600FB4803 /* Assets.xcassets */; };
		49BF802025C8BC1600FB4803 /* Preview Assets.xcassets in Resources */ = {isa = PBXBuildFile; fileRef = 49BF801F25C8BC1600FB4803 /* Preview Assets.xcassets */; };
/* End PBXBuildFile section */

/* Begin PBXFileReference section */
		4915561B25C4D9A0004813BD /* CustomToggle.swift */ = {isa = PBXFileReference; lastKnownFileType = sourcecode.swift; path = CustomToggle.swift; sourceTree = "<group>"; };
		4915562425C4DAA1004813BD /* CustomToggle.styles.swift */ = {isa = PBXFileReference; lastKnownFileType = sourcecode.swift; path = CustomToggle.styles.swift; sourceTree = "<group>"; };
		4915562A25C4DE2D004813BD /* CustomPicker.swift */ = {isa = PBXFileReference; lastKnownFileType = sourcecode.swift; path = CustomPicker.swift; sourceTree = "<group>"; };
		4915563225C4E041004813BD /* CustomPicker.previews.swift */ = {isa = PBXFileReference; lastKnownFileType = sourcecode.swift; path = CustomPicker.previews.swift; sourceTree = "<group>"; };
		4915563625C4E07A004813BD /* CustomToggle.previews.swift */ = {isa = PBXFileReference; lastKnownFileType = sourcecode.swift; path = CustomToggle.previews.swift; sourceTree = "<group>"; };
		4915563B25C4E156004813BD /* Options.previews.swift */ = {isa = PBXFileReference; lastKnownFileType = sourcecode.swift; path = Options.previews.swift; sourceTree = "<group>"; };
		4915564325C4E1D4004813BD /* Binding.extensions.swift */ = {isa = PBXFileReference; lastKnownFileType = sourcecode.swift; path = Binding.extensions.swift; sourceTree = "<group>"; };
		4922AFE525C8BEF800A2BD20 /* ImagePicker.wrapped.swift */ = {isa = PBXFileReference; lastKnownFileType = sourcecode.swift; path = ImagePicker.wrapped.swift; sourceTree = "<group>"; };
		4922AFED25C8F0C800A2BD20 /* CustomIconButton.swift */ = {isa = PBXFileReference; lastKnownFileType = sourcecode.swift; path = CustomIconButton.swift; sourceTree = "<group>"; };
		4922AFF125C8F0D600A2BD20 /* CustomIconButton.previews.swift */ = {isa = PBXFileReference; lastKnownFileType = sourcecode.swift; path = CustomIconButton.previews.swift; sourceTree = "<group>"; };
		4922AFF425C8F23900A2BD20 /* CustomIconButton.styles.swift */ = {isa = PBXFileReference; lastKnownFileType = sourcecode.swift; path = CustomIconButton.styles.swift; sourceTree = "<group>"; };
		49301DB025C8945B0089EE76 /* ImagePicker.swift */ = {isa = PBXFileReference; lastKnownFileType = sourcecode.swift; path = ImagePicker.swift; sourceTree = "<group>"; };
		49301DB625C894E50089EE76 /* ImagePicker.previews.swift */ = {isa = PBXFileReference; lastKnownFileType = sourcecode.swift; path = ImagePicker.previews.swift; sourceTree = "<group>"; };
		4950ABA725C4FA7A00087E18 /* DarkMode.theme.swift */ = {isa = PBXFileReference; lastKnownFileType = sourcecode.swift; path = DarkMode.theme.swift; sourceTree = "<group>"; };
		4950ABAE25C4FD8000087E18 /* Color.extensions.swift */ = {isa = PBXFileReference; lastKnownFileType = sourcecode.swift; path = Color.extensions.swift; sourceTree = "<group>"; };
		498047A025CB121000E14C6F /* ImagePicker.classes.swift */ = {isa = PBXFileReference; lastKnownFileType = sourcecode.swift; path = ImagePicker.classes.swift; sourceTree = "<group>"; };
		49B80FAC25C3421400D8021C /* WidgetKit.framework */ = {isa = PBXFileReference; lastKnownFileType = wrapper.framework; name = WidgetKit.framework; path = System/Library/Frameworks/WidgetKit.framework; sourceTree = SDKROOT; };
		49B80FAE25C3421400D8021C /* SwiftUI.framework */ = {isa = PBXFileReference; lastKnownFileType = wrapper.framework; name = SwiftUI.framework; path = System/Library/Frameworks/SwiftUI.framework; sourceTree = SDKROOT; };
		49B80FD725C3443700D8021C /* Options.swift */ = {isa = PBXFileReference; lastKnownFileType = sourcecode.swift; path = Options.swift; sourceTree = "<group>"; };
		49B80FDD25C3460300D8021C /* Options.observable.swift */ = {isa = PBXFileReference; lastKnownFileType = sourcecode.swift; path = Options.observable.swift; sourceTree = "<group>"; };
		49BF801625C8BC1600FB4803 /* WidgetFetch.app */ = {isa = PBXFileReference; explicitFileType = wrapper.application; includeInIndex = 0; path = WidgetFetch.app; sourceTree = BUILT_PRODUCTS_DIR; };
		49BF801825C8BC1600FB4803 /* WidgetFetchApp.swift */ = {isa = PBXFileReference; lastKnownFileType = sourcecode.swift; path = WidgetFetchApp.swift; sourceTree = "<group>"; };
		49BF801A25C8BC1600FB4803 /* ContentView.swift */ = {isa = PBXFileReference; lastKnownFileType = sourcecode.swift; path = ContentView.swift; sourceTree = "<group>"; };
		49BF801C25C8BC1600FB4803 /* Assets.xcassets */ = {isa = PBXFileReference; lastKnownFileType = folder.assetcatalog; path = Assets.xcassets; sourceTree = "<group>"; };
		49BF801F25C8BC1600FB4803 /* Preview Assets.xcassets */ = {isa = PBXFileReference; lastKnownFileType = folder.assetcatalog; path = "Preview Assets.xcassets"; sourceTree = "<group>"; };
		49BF802125C8BC1600FB4803 /* Info.plist */ = {isa = PBXFileReference; lastKnownFileType = text.plist.xml; path = Info.plist; sourceTree = "<group>"; };
		49BF804725C8BC8300FB4803 /* WidgetFetch.entitlements */ = {isa = PBXFileReference; lastKnownFileType = text.plist.entitlements; path = WidgetFetch.entitlements; sourceTree = "<group>"; };
/* End PBXFileReference section */

/* Begin PBXFrameworksBuildPhase section */
		49BF801325C8BC1600FB4803 /* Frameworks */ = {
			isa = PBXFrameworksBuildPhase;
			buildActionMask = 2147483647;
			files = (
			);
			runOnlyForDeploymentPostprocessing = 0;
		};
/* End PBXFrameworksBuildPhase section */

/* Begin PBXGroup section */
		4915561925C4D942004813BD /* CustomToggle */ = {
			isa = PBXGroup;
			children = (
				4915561B25C4D9A0004813BD /* CustomToggle.swift */,
				4915562425C4DAA1004813BD /* CustomToggle.styles.swift */,
				4915563625C4E07A004813BD /* CustomToggle.previews.swift */,
			);
			path = CustomToggle;
			sourceTree = "<group>";
		};
		4915561A25C4D95B004813BD /* CustomPicker */ = {
			isa = PBXGroup;
			children = (
				4915562A25C4DE2D004813BD /* CustomPicker.swift */,
				4915563225C4E041004813BD /* CustomPicker.previews.swift */,
			);
			path = CustomPicker;
			sourceTree = "<group>";
		};
		4915562125C4D9AC004813BD /* Containers */ = {
			isa = PBXGroup;
			children = (
				49B80FD625C3441500D8021C /* Options */,
			);
			path = Containers;
			sourceTree = "<group>";
		};
		4915563A25C4E112004813BD /* Observables */ = {
			isa = PBXGroup;
			children = (
				49B80FDD25C3460300D8021C /* Options.observable.swift */,
			);
			path = Observables;
			sourceTree = "<group>";
		};
		4915564125C4E1AC004813BD /* Extensions */ = {
			isa = PBXGroup;
			children = (
				4950ABAD25C4FD6E00087E18 /* Color */,
				4915564225C4E1C4004813BD /* Binding */,
			);
			path = Extensions;
			sourceTree = "<group>";
		};
		4915564225C4E1C4004813BD /* Binding */ = {
			isa = PBXGroup;
			children = (
				4915564325C4E1D4004813BD /* Binding.extensions.swift */,
			);
			path = Binding;
			sourceTree = "<group>";
		};
		4922AFE425C8BEDF00A2BD20 /* Wrapped */ = {
			isa = PBXGroup;
			children = (
				4922AFE525C8BEF800A2BD20 /* ImagePicker.wrapped.swift */,
			);
			path = Wrapped;
			sourceTree = "<group>";
		};
		4922AFEC25C8F0AA00A2BD20 /* CustomIconButton */ = {
			isa = PBXGroup;
			children = (
				4922AFED25C8F0C800A2BD20 /* CustomIconButton.swift */,
				4922AFF125C8F0D600A2BD20 /* CustomIconButton.previews.swift */,
				4922AFF425C8F23900A2BD20 /* CustomIconButton.styles.swift */,
			);
			path = CustomIconButton;
			sourceTree = "<group>";
		};
		4950ABA525C4FA5A00087E18 /* Themes */ = {
			isa = PBXGroup;
			children = (
				4950ABA625C4FA6400087E18 /* Dark Mode */,
			);
			path = Themes;
			sourceTree = "<group>";
		};
		4950ABA625C4FA6400087E18 /* Dark Mode */ = {
			isa = PBXGroup;
			children = (
				4950ABA725C4FA7A00087E18 /* DarkMode.theme.swift */,
			);
			path = "Dark Mode";
			sourceTree = "<group>";
		};
		4950ABAD25C4FD6E00087E18 /* Color */ = {
			isa = PBXGroup;
			children = (
				4950ABAE25C4FD8000087E18 /* Color.extensions.swift */,
			);
			path = Color;
			sourceTree = "<group>";
		};
		4980479F25CB11FD00E14C6F /* Classes */ = {
			isa = PBXGroup;
			children = (
				498047A025CB121000E14C6F /* ImagePicker.classes.swift */,
			);
			path = Classes;
			sourceTree = "<group>";
		};
		49B80F8925C3416B00D8021C = {
			isa = PBXGroup;
			children = (
				49BF801725C8BC1600FB4803 /* WidgetFetch */,
				49B80FAB25C3421400D8021C /* Frameworks */,
				49B80F9325C3416B00D8021C /* Products */,
			);
			sourceTree = "<group>";
		};
		49B80F9325C3416B00D8021C /* Products */ = {
			isa = PBXGroup;
			children = (
				49BF801625C8BC1600FB4803 /* WidgetFetch.app */,
			);
			name = Products;
			sourceTree = "<group>";
		};
		49B80FAB25C3421400D8021C /* Frameworks */ = {
			isa = PBXGroup;
			children = (
				49B80FAC25C3421400D8021C /* WidgetKit.framework */,
				49B80FAE25C3421400D8021C /* SwiftUI.framework */,
			);
			name = Frameworks;
			sourceTree = "<group>";
		};
		49B80FC325C3421D00D8021C /* Components */ = {
			isa = PBXGroup;
			children = (
				4922AFEC25C8F0AA00A2BD20 /* CustomIconButton */,
				4915561A25C4D95B004813BD /* CustomPicker */,
				4915561925C4D942004813BD /* CustomToggle */,
				49B80FCB25C3425300D8021C /* ImagePicker */,
				49B80FCA25C3424B00D8021C /* ASCIIEditor */,
			);
			path = Components;
			sourceTree = "<group>";
		};
		49B80FCA25C3424B00D8021C /* ASCIIEditor */ = {
			isa = PBXGroup;
			children = (
			);
			path = ASCIIEditor;
			sourceTree = "<group>";
		};
		49B80FCB25C3425300D8021C /* ImagePicker */ = {
			isa = PBXGroup;
			children = (
				4980479F25CB11FD00E14C6F /* Classes */,
				4922AFE425C8BEDF00A2BD20 /* Wrapped */,
				49301DB025C8945B0089EE76 /* ImagePicker.swift */,
				49301DB625C894E50089EE76 /* ImagePicker.previews.swift */,
			);
			path = ImagePicker;
			sourceTree = "<group>";
		};
		49B80FD625C3441500D8021C /* Options */ = {
			isa = PBXGroup;
			children = (
				4915563A25C4E112004813BD /* Observables */,
				49B80FD725C3443700D8021C /* Options.swift */,
				4915563B25C4E156004813BD /* Options.previews.swift */,
			);
			path = Options;
			sourceTree = "<group>";
		};
		49BF801725C8BC1600FB4803 /* WidgetFetch */ = {
			isa = PBXGroup;
			children = (
				49BF804725C8BC8300FB4803 /* WidgetFetch.entitlements */,
				4950ABA525C4FA5A00087E18 /* Themes */,
				4915564125C4E1AC004813BD /* Extensions */,
				4915562125C4D9AC004813BD /* Containers */,
				49B80FC325C3421D00D8021C /* Components */,
				49BF801825C8BC1600FB4803 /* WidgetFetchApp.swift */,
				49BF801A25C8BC1600FB4803 /* ContentView.swift */,
				49BF801C25C8BC1600FB4803 /* Assets.xcassets */,
				49BF802125C8BC1600FB4803 /* Info.plist */,
				49BF801E25C8BC1600FB4803 /* Preview Content */,
			);
			path = WidgetFetch;
			sourceTree = "<group>";
		};
		49BF801E25C8BC1600FB4803 /* Preview Content */ = {
			isa = PBXGroup;
			children = (
				49BF801F25C8BC1600FB4803 /* Preview Assets.xcassets */,
			);
			path = "Preview Content";
			sourceTree = "<group>";
		};
/* End PBXGroup section */

/* Begin PBXNativeTarget section */
		49BF801525C8BC1600FB4803 /* WidgetFetch */ = {
			isa = PBXNativeTarget;
			buildConfigurationList = 49BF803825C8BC1600FB4803 /* Build configuration list for PBXNativeTarget "WidgetFetch" */;
			buildPhases = (
				49BF801225C8BC1600FB4803 /* Sources */,
				49BF801325C8BC1600FB4803 /* Frameworks */,
				49BF801425C8BC1600FB4803 /* Resources */,
			);
			buildRules = (
			);
			dependencies = (
			);
			name = WidgetFetch;
			productName = WidgetFetch;
			productReference = 49BF801625C8BC1600FB4803 /* WidgetFetch.app */;
			productType = "com.apple.product-type.application";
		};
/* End PBXNativeTarget section */

/* Begin PBXProject section */
		49B80F8A25C3416B00D8021C /* Project object */ = {
			isa = PBXProject;
			attributes = {
				LastSwiftUpdateCheck = 1240;
				LastUpgradeCheck = 1240;
				TargetAttributes = {
					49BF801525C8BC1600FB4803 = {
						CreatedOnToolsVersion = 12.4;
					};
				};
			};
			buildConfigurationList = 49B80F8D25C3416B00D8021C /* Build configuration list for PBXProject "WidgetFetch" */;
			compatibilityVersion = "Xcode 9.3";
			developmentRegion = en;
			hasScannedForEncodings = 0;
			knownRegions = (
				en,
				Base,
			);
			mainGroup = 49B80F8925C3416B00D8021C;
			productRefGroup = 49B80F9325C3416B00D8021C /* Products */;
			projectDirPath = "";
			projectRoot = "";
			targets = (
				49BF801525C8BC1600FB4803 /* WidgetFetch */,
			);
		};
/* End PBXProject section */

/* Begin PBXResourcesBuildPhase section */
		49BF801425C8BC1600FB4803 /* Resources */ = {
			isa = PBXResourcesBuildPhase;
			buildActionMask = 2147483647;
			files = (
				49BF802025C8BC1600FB4803 /* Preview Assets.xcassets in Resources */,
				49BF801D25C8BC1600FB4803 /* Assets.xcassets in Resources */,
			);
			runOnlyForDeploymentPostprocessing = 0;
		};
/* End PBXResourcesBuildPhase section */

/* Begin PBXSourcesBuildPhase section */
		49BF801225C8BC1600FB4803 /* Sources */ = {
			isa = PBXSourcesBuildPhase;
			buildActionMask = 2147483647;
			files = (
				4922AFCA25C8BDD000A2BD20 /* Options.swift in Sources */,
				4922AFD825C8BDED00A2BD20 /* CustomToggle.swift in Sources */,
				49BF801B25C8BC1600FB4803 /* ContentView.swift in Sources */,
				4922AFDE25C8BDF300A2BD20 /* ImagePicker.swift in Sources */,
				4922AFDA25C8BDEF00A2BD20 /* CustomToggle.styles.swift in Sources */,
				4922AFCE25C8BDDA00A2BD20 /* Color.extensions.swift in Sources */,
				4922AFF225C8F0D600A2BD20 /* CustomIconButton.previews.swift in Sources */,
				4922AFCC25C8BDD300A2BD20 /* Options.observable.swift in Sources */,
				4922AFE025C8BDF600A2BD20 /* ImagePicker.previews.swift in Sources */,
				4922AFD625C8BDEB00A2BD20 /* CustomPicker.previews.swift in Sources */,
				49BF801925C8BC1600FB4803 /* WidgetFetchApp.swift in Sources */,
				4922AFE625C8BEF800A2BD20 /* ImagePicker.wrapped.swift in Sources */,
				4922AFDC25C8BDF100A2BD20 /* CustomToggle.previews.swift in Sources */,
				498047A125CB121000E14C6F /* ImagePicker.classes.swift in Sources */,
				4922AFF525C8F23900A2BD20 /* CustomIconButton.styles.swift in Sources */,
				4922AFEE25C8F0C800A2BD20 /* CustomIconButton.swift in Sources */,
				4922AFD025C8BDDD00A2BD20 /* Binding.extensions.swift in Sources */,
				4922AFC825C8BDCB00A2BD20 /* Options.previews.swift in Sources */,
				4922AFD225C8BDE200A2BD20 /* DarkMode.theme.swift in Sources */,
				4922AFD425C8BDE800A2BD20 /* CustomPicker.swift in Sources */,
			);
			runOnlyForDeploymentPostprocessing = 0;
		};
/* End PBXSourcesBuildPhase section */

/* Begin XCBuildConfiguration section */
		49B80FA025C3416B00D8021C /* Debug */ = {
			isa = XCBuildConfiguration;
			buildSettings = {
				ALWAYS_SEARCH_USER_PATHS = NO;
				CLANG_ANALYZER_NONNULL = YES;
				CLANG_ANALYZER_NUMBER_OBJECT_CONVERSION = YES_AGGRESSIVE;
				CLANG_CXX_LANGUAGE_STANDARD = "gnu++14";
				CLANG_CXX_LIBRARY = "libc++";
				CLANG_ENABLE_MODULES = YES;
				CLANG_ENABLE_OBJC_ARC = YES;
				CLANG_ENABLE_OBJC_WEAK = YES;
				CLANG_WARN_BLOCK_CAPTURE_AUTORELEASING = YES;
				CLANG_WARN_BOOL_CONVERSION = YES;
				CLANG_WARN_COMMA = YES;
				CLANG_WARN_CONSTANT_CONVERSION = YES;
				CLANG_WARN_DEPRECATED_OBJC_IMPLEMENTATIONS = YES;
				CLANG_WARN_DIRECT_OBJC_ISA_USAGE = YES_ERROR;
				CLANG_WARN_DOCUMENTATION_COMMENTS = YES;
				CLANG_WARN_EMPTY_BODY = YES;
				CLANG_WARN_ENUM_CONVERSION = YES;
				CLANG_WARN_INFINITE_RECURSION = YES;
				CLANG_WARN_INT_CONVERSION = YES;
				CLANG_WARN_NON_LITERAL_NULL_CONVERSION = YES;
				CLANG_WARN_OBJC_IMPLICIT_RETAIN_SELF = YES;
				CLANG_WARN_OBJC_LITERAL_CONVERSION = YES;
				CLANG_WARN_OBJC_ROOT_CLASS = YES_ERROR;
				CLANG_WARN_QUOTED_INCLUDE_IN_FRAMEWORK_HEADER = YES;
				CLANG_WARN_RANGE_LOOP_ANALYSIS = YES;
				CLANG_WARN_STRICT_PROTOTYPES = YES;
				CLANG_WARN_SUSPICIOUS_MOVE = YES;
				CLANG_WARN_UNGUARDED_AVAILABILITY = YES_AGGRESSIVE;
				CLANG_WARN_UNREACHABLE_CODE = YES;
				CLANG_WARN__DUPLICATE_METHOD_MATCH = YES;
				COPY_PHASE_STRIP = NO;
				DEBUG_INFORMATION_FORMAT = dwarf;
				ENABLE_STRICT_OBJC_MSGSEND = YES;
				ENABLE_TESTABILITY = YES;
				GCC_C_LANGUAGE_STANDARD = gnu11;
				GCC_DYNAMIC_NO_PIC = NO;
				GCC_NO_COMMON_BLOCKS = YES;
				GCC_OPTIMIZATION_LEVEL = 0;
				GCC_PREPROCESSOR_DEFINITIONS = (
					"DEBUG=1",
					"$(inherited)",
				);
				GCC_WARN_64_TO_32_BIT_CONVERSION = YES;
				GCC_WARN_ABOUT_RETURN_TYPE = YES_ERROR;
				GCC_WARN_UNDECLARED_SELECTOR = YES;
				GCC_WARN_UNINITIALIZED_AUTOS = YES_AGGRESSIVE;
				GCC_WARN_UNUSED_FUNCTION = YES;
				GCC_WARN_UNUSED_VARIABLE = YES;
				MACOSX_DEPLOYMENT_TARGET = 11.1;
				MTL_ENABLE_DEBUG_INFO = INCLUDE_SOURCE;
				MTL_FAST_MATH = YES;
				ONLY_ACTIVE_ARCH = YES;
				SDKROOT = macosx;
				SWIFT_ACTIVE_COMPILATION_CONDITIONS = DEBUG;
				SWIFT_OPTIMIZATION_LEVEL = "-Onone";
			};
			name = Debug;
		};
		49B80FA125C3416B00D8021C /* Release */ = {
			isa = XCBuildConfiguration;
			buildSettings = {
				ALWAYS_SEARCH_USER_PATHS = NO;
				CLANG_ANALYZER_NONNULL = YES;
				CLANG_ANALYZER_NUMBER_OBJECT_CONVERSION = YES_AGGRESSIVE;
				CLANG_CXX_LANGUAGE_STANDARD = "gnu++14";
				CLANG_CXX_LIBRARY = "libc++";
				CLANG_ENABLE_MODULES = YES;
				CLANG_ENABLE_OBJC_ARC = YES;
				CLANG_ENABLE_OBJC_WEAK = YES;
				CLANG_WARN_BLOCK_CAPTURE_AUTORELEASING = YES;
				CLANG_WARN_BOOL_CONVERSION = YES;
				CLANG_WARN_COMMA = YES;
				CLANG_WARN_CONSTANT_CONVERSION = YES;
				CLANG_WARN_DEPRECATED_OBJC_IMPLEMENTATIONS = YES;
				CLANG_WARN_DIRECT_OBJC_ISA_USAGE = YES_ERROR;
				CLANG_WARN_DOCUMENTATION_COMMENTS = YES;
				CLANG_WARN_EMPTY_BODY = YES;
				CLANG_WARN_ENUM_CONVERSION = YES;
				CLANG_WARN_INFINITE_RECURSION = YES;
				CLANG_WARN_INT_CONVERSION = YES;
				CLANG_WARN_NON_LITERAL_NULL_CONVERSION = YES;
				CLANG_WARN_OBJC_IMPLICIT_RETAIN_SELF = YES;
				CLANG_WARN_OBJC_LITERAL_CONVERSION = YES;
				CLANG_WARN_OBJC_ROOT_CLASS = YES_ERROR;
				CLANG_WARN_QUOTED_INCLUDE_IN_FRAMEWORK_HEADER = YES;
				CLANG_WARN_RANGE_LOOP_ANALYSIS = YES;
				CLANG_WARN_STRICT_PROTOTYPES = YES;
				CLANG_WARN_SUSPICIOUS_MOVE = YES;
				CLANG_WARN_UNGUARDED_AVAILABILITY = YES_AGGRESSIVE;
				CLANG_WARN_UNREACHABLE_CODE = YES;
				CLANG_WARN__DUPLICATE_METHOD_MATCH = YES;
				COPY_PHASE_STRIP = NO;
				DEBUG_INFORMATION_FORMAT = "dwarf-with-dsym";
				ENABLE_NS_ASSERTIONS = NO;
				ENABLE_STRICT_OBJC_MSGSEND = YES;
				GCC_C_LANGUAGE_STANDARD = gnu11;
				GCC_NO_COMMON_BLOCKS = YES;
				GCC_WARN_64_TO_32_BIT_CONVERSION = YES;
				GCC_WARN_ABOUT_RETURN_TYPE = YES_ERROR;
				GCC_WARN_UNDECLARED_SELECTOR = YES;
				GCC_WARN_UNINITIALIZED_AUTOS = YES_AGGRESSIVE;
				GCC_WARN_UNUSED_FUNCTION = YES;
				GCC_WARN_UNUSED_VARIABLE = YES;
				MACOSX_DEPLOYMENT_TARGET = 11.1;
				MTL_ENABLE_DEBUG_INFO = NO;
				MTL_FAST_MATH = YES;
				SDKROOT = macosx;
				SWIFT_COMPILATION_MODE = wholemodule;
				SWIFT_OPTIMIZATION_LEVEL = "-O";
			};
			name = Release;
		};
		49BF803925C8BC1600FB4803 /* Debug */ = {
			isa = XCBuildConfiguration;
			buildSettings = {
				ASSETCATALOG_COMPILER_APPICON_NAME = AppIcon;
				ASSETCATALOG_COMPILER_GLOBAL_ACCENT_COLOR_NAME = AccentColor;
				CODE_SIGN_ENTITLEMENTS = WidgetFetch/WidgetFetch.entitlements;
				CODE_SIGN_STYLE = Automatic;
				DEVELOPMENT_ASSET_PATHS = "\"WidgetFetch/Preview Content\"";
				DEVELOPMENT_TEAM = UN644WP9H4;
				ENABLE_PREVIEWS = YES;
				INFOPLIST_FILE = WidgetFetch/Info.plist;
				IPHONEOS_DEPLOYMENT_TARGET = 14.4;
				LD_RUNPATH_SEARCH_PATHS = (
					"$(inherited)",
					"@executable_path/Frameworks",
				);
				PRODUCT_BUNDLE_IDENTIFIER = TylerPoole.WidgetFetch;
				PRODUCT_NAME = "$(TARGET_NAME)";
				SDKROOT = iphoneos;
				SUPPORTS_MACCATALYST = YES;
				SWIFT_VERSION = 5.0;
				TARGETED_DEVICE_FAMILY = "1,2";
			};
			name = Debug;
		};
		49BF803A25C8BC1600FB4803 /* Release */ = {
			isa = XCBuildConfiguration;
			buildSettings = {
				ASSETCATALOG_COMPILER_APPICON_NAME = AppIcon;
				ASSETCATALOG_COMPILER_GLOBAL_ACCENT_COLOR_NAME = AccentColor;
				CODE_SIGN_ENTITLEMENTS = WidgetFetch/WidgetFetch.entitlements;
				CODE_SIGN_STYLE = Automatic;
				DEVELOPMENT_ASSET_PATHS = "\"WidgetFetch/Preview Content\"";
				DEVELOPMENT_TEAM = UN644WP9H4;
				ENABLE_PREVIEWS = YES;
				INFOPLIST_FILE = WidgetFetch/Info.plist;
				IPHONEOS_DEPLOYMENT_TARGET = 14.4;
				LD_RUNPATH_SEARCH_PATHS = (
					"$(inherited)",
					"@executable_path/Frameworks",
				);
				PRODUCT_BUNDLE_IDENTIFIER = TylerPoole.WidgetFetch;
				PRODUCT_NAME = "$(TARGET_NAME)";
				SDKROOT = iphoneos;
				SUPPORTS_MACCATALYST = YES;
				SWIFT_VERSION = 5.0;
				TARGETED_DEVICE_FAMILY = "1,2";
				VALIDATE_PRODUCT = YES;
			};
			name = Release;
		};
/* End XCBuildConfiguration section */

/* Begin XCConfigurationList section */
		49B80F8D25C3416B00D8021C /* Build configuration list for PBXProject "WidgetFetch" */ = {
			isa = XCConfigurationList;
			buildConfigurations = (
				49B80FA025C3416B00D8021C /* Debug */,
				49B80FA125C3416B00D8021C /* Release */,
			);
			defaultConfigurationIsVisible = 0;
			defaultConfigurationName = Release;
		};
		49BF803825C8BC1600FB4803 /* Build configuration list for PBXNativeTarget "WidgetFetch" */ = {
			isa = XCConfigurationList;
			buildConfigurations = (
				49BF803925C8BC1600FB4803 /* Debug */,
				49BF803A25C8BC1600FB4803 /* Release */,
			);
			defaultConfigurationIsVisible = 0;
			defaultConfigurationName = Release;
		};
/* End XCConfigurationList section */
	};
	rootObject = 49B80F8A25C3416B00D8021C /* Project object */;
}
